
Microsoft Visual Studio Solution File, Format Version 12.00
# Visual Studio Version 17
VisualStudioVersion = 17.4.33103.184
MinimumVisualStudioVersion = 10.0.40219.1
Project("{8BC9CEB8-8B4A-11D0-8D11-00A0C91BC942}") = "Leaver_VS", "Leaver_VS.vcxproj", "{A6377163-40DC-40A1-B75B-E45D637BBA36}"
EndProject
Project("{8BC9CEB8-8B4A-11D0-8D11-00A0C91BC942}") = "Leave", "..\Leave\Leave.vcxproj", "{C4310A1C-3DFF-414D-BE87-8F0379AA23F1}"
EndProject
Global
	GlobalSection(SolutionConfigurationPlatforms) = preSolution
		Debug|x64 = Debug|x64
		Debug|x86 = Debug|x86
		Release|x64 = Release|x64
		Release|x86 = Release|x86
	EndGlobalSection
	GlobalSection(ProjectConfigurationPlatforms) = postSolution
		{A6377163-40DC-40A1-B75B-E45D637BBA36}.Debug|x64.ActiveCfg = Debug|x64
		{A6377163-40DC-40A1-B75B-E45D637BBA36}.Debug|x64.Build.0 = Debug|x64
		{A6377163-40DC-40A1-B75B-E45D637BBA36}.Debug|x86.ActiveCfg = Debug|Win32
		{A6377163-40DC-40A1-B75B-E45D637BBA36}.Debug|x86.Build.0 = Debug|Win32
		{A6377163-40DC-40A1-B75B-E45D637BBA36}.Release|x64.ActiveCfg = Release|x64
		{A6377163-40DC-40A1-B75B-E45D637BBA36}.Release|x64.Build.0 = Release|x64
		{A6377163-40DC-40A1-B75B-E45D637BBA36}.Release|x86.ActiveCfg = Release|Win32
		{A6377163-40DC-40A1-B75B-E45D637BBA36}.Release|x86.Build.0 = Release|Win32
		{C4310A1C-3DFF-414D-BE87-8F0379AA23F1}.Debug|x64.ActiveCfg = Debug|x64
		{C4310A1C-3DFF-414D-BE87-8F0379AA23F1}.Debug|x64.Build.0 = Debug|x64
		{C4310A1C-3DFF-414D-BE87-8F0379AA23F1}.Debug|x86.ActiveCfg = Debug|Win32
		{C4310A1C-3DFF-414D-BE87-8F0379AA23F1}.Debug|x86.Build.0 = Debug|Win32
		{C4310A1C-3DFF-414D-BE87-8F0379AA23F1}.Release|x64.ActiveCfg = Release|x64
		{C4310A1C-3DFF-414D-BE87-8F0379AA23F1}.Release|x64.Build.0 = Release|x64
		{C4310A1C-3DFF-414D-BE87-8F0379AA23F1}.Release|x86.ActiveCfg = Release|Win32
		{C4310A1C-3DFF-414D-BE87-8F0379AA23F1}.Release|x86.Build.0 = Release|Win32
	EndGlobalSection
	GlobalSection(SolutionProperties) = preSolution
		HideSolutionNode = FALSE
	EndGlobalSection
	GlobalSection(ExtensibilityGlobals) = postSolution
		SolutionGuid = {8A4A589D-315D-4627-B674-B937EADB11B8}
	EndGlobalSection
EndGlobal
